
Microsoft Visual Studio Solution File, Format Version 12.00
# Visual Studio Version 17
VisualStudioVersion = 17.5.002.0
MinimumVisualStudioVersion = 10.0.40219.1
Project("{9A19103F-16F7-4668-BE54-9A1E7A4F7556}") = "BlazingPizza", "BlazingPizza.csproj", "{81F4AFB9-CFF6-4B35-9268-15ABAA536124}"
EndProject
Global
	GlobalSection(SolutionConfigurationPlatforms) = preSolution
		Debug|Any CPU = Debug|Any CPU
		Release|Any CPU = Release|Any CPU
	EndGlobalSection
	GlobalSection(ProjectConfigurationPlatforms) = postSolution
		{81F4AFB9-CFF6-4B35-9268-15ABAA536124}.Debug|Any CPU.ActiveCfg = Debug|Any CPU
		{81F4AFB9-CFF6-4B35-9268-15ABAA536124}.Debug|Any CPU.Build.0 = Debug|Any CPU
		{81F4AFB9-CFF6-4B35-9268-15ABAA536124}.Release|Any CPU.ActiveCfg = Release|Any CPU
		{81F4AFB9-CFF6-4B35-9268-15ABAA536124}.Release|Any CPU.Build.0 = Release|Any CPU
	EndGlobalSection
	GlobalSection(SolutionProperties) = preSolution
		HideSolutionNode = FALSE
	EndGlobalSection
	GlobalSection(ExtensibilityGlobals) = postSolution
		SolutionGuid = {027AB741-51D0-434D-968D-5AF0A5CB3D9D}
	EndGlobalSection
EndGlobal
